
Microsoft Visual Studio Solution File, Format Version 12.00
# Visual Studio Version 17
VisualStudioVersion = 17.9.34701.34
MinimumVisualStudioVersion = 10.0.40219.1
Project("{FAE04EC0-301F-11D3-BF4B-00C04F79EFBC}") = "Quan_Ly_ne_nep_thi_dua", "Quab_Ly_ne_nep_thi_dua\Quan_Ly_ne_nep_thi_dua.csproj", "{2FD924F9-0CF5-4127-AF68-7A3A3D2610AB}"
EndProject
Global
	GlobalSection(SolutionConfigurationPlatforms) = preSolution
		Debug|Any CPU = Debug|Any CPU
		Release|Any CPU = Release|Any CPU
	EndGlobalSection
	GlobalSection(ProjectConfigurationPlatforms) = postSolution
		{2FD924F9-0CF5-4127-AF68-7A3A3D2610AB}.Debug|Any CPU.ActiveCfg = Debug|Any CPU
		{2FD924F9-0CF5-4127-AF68-7A3A3D2610AB}.Debug|Any CPU.Build.0 = Debug|Any CPU
		{2FD924F9-0CF5-4127-AF68-7A3A3D2610AB}.Release|Any CPU.ActiveCfg = Release|Any CPU
		{2FD924F9-0CF5-4127-AF68-7A3A3D2610AB}.Release|Any CPU.Build.0 = Release|Any CPU
	EndGlobalSection
	GlobalSection(SolutionProperties) = preSolution
		HideSolutionNode = FALSE
	EndGlobalSection
	GlobalSection(ExtensibilityGlobals) = postSolution
		SolutionGuid = {327F2B23-E1CE-44D3-9824-405B32181634}
	EndGlobalSection
EndGlobal
